
Microsoft Visual Studio Solution File, Format Version 12.00
# Visual Studio Version 17
VisualStudioVersion = 17.0.31903.59
MinimumVisualStudioVersion = 10.0.40219.1
Project("{2150E333-8FDC-42A3-9474-1A3956D46DE8}") = "src", "src", "{BF09FF80-A46C-4D2B-AE39-7A8F22F174B2}"
EndProject
Project("{FAE04EC0-301F-11D3-BF4B-00C04F79EFBC}") = "ControlAsistencia.Web", "src\ControlAsistencia.Web\ControlAsistencia.Web.csproj", "{A3DCC788-FD2F-416F-BD39-7427D6E41186}"
EndProject
Project("{FAE04EC0-301F-11D3-BF4B-00C04F79EFBC}") = "ControlAsistencia.Web.Tests", "src\ControlAsistencia.Web.Tests\ControlAsistencia.Web.Tests.csproj", "{4CB93FB8-BC8F-42C9-A0FF-F56EC3407E10}"
EndProject
Global
	GlobalSection(SolutionConfigurationPlatforms) = preSolution
		Debug|Any CPU = Debug|Any CPU
		Release|Any CPU = Release|Any CPU
	EndGlobalSection
	GlobalSection(SolutionProperties) = preSolution
		HideSolutionNode = FALSE
	EndGlobalSection
	GlobalSection(ProjectConfigurationPlatforms) = postSolution
		{A3DCC788-FD2F-416F-BD39-7427D6E41186}.Debug|Any CPU.ActiveCfg = Debug|Any CPU
		{A3DCC788-FD2F-416F-BD39-7427D6E41186}.Debug|Any CPU.Build.0 = Debug|Any CPU
		{A3DCC788-FD2F-416F-BD39-7427D6E41186}.Release|Any CPU.ActiveCfg = Release|Any CPU
		{A3DCC788-FD2F-416F-BD39-7427D6E41186}.Release|Any CPU.Build.0 = Release|Any CPU
		{4CB93FB8-BC8F-42C9-A0FF-F56EC3407E10}.Debug|Any CPU.ActiveCfg = Debug|Any CPU
		{4CB93FB8-BC8F-42C9-A0FF-F56EC3407E10}.Debug|Any CPU.Build.0 = Debug|Any CPU
		{4CB93FB8-BC8F-42C9-A0FF-F56EC3407E10}.Release|Any CPU.ActiveCfg = Release|Any CPU
		{4CB93FB8-BC8F-42C9-A0FF-F56EC3407E10}.Release|Any CPU.Build.0 = Release|Any CPU
	EndGlobalSection
	GlobalSection(NestedProjects) = preSolution
		{A3DCC788-FD2F-416F-BD39-7427D6E41186} = {BF09FF80-A46C-4D2B-AE39-7A8F22F174B2}
		{4CB93FB8-BC8F-42C9-A0FF-F56EC3407E10} = {BF09FF80-A46C-4D2B-AE39-7A8F22F174B2}
	EndGlobalSection
EndGlobal
